
Microsoft Visual Studio Solution File, Format Version 12.00
# Visual Studio Version 17
VisualStudioVersion = 17.9.34728.123
MinimumVisualStudioVersion = 10.0.40219.1
Project("{FAE04EC0-301F-11D3-BF4B-00C04F79EFBC}") = "Mars_CompetitionTask_US2", "Mars_CompetitionTask_US2.csproj", "{F889312D-1171-4290-AC9B-582C778C66EB}"
EndProject
Global
	GlobalSection(SolutionConfigurationPlatforms) = preSolution
		Debug|Any CPU = Debug|Any CPU
		Release|Any CPU = Release|Any CPU
	EndGlobalSection
	GlobalSection(ProjectConfigurationPlatforms) = postSolution
		{F889312D-1171-4290-AC9B-582C778C66EB}.Debug|Any CPU.ActiveCfg = Debug|Any CPU
		{F889312D-1171-4290-AC9B-582C778C66EB}.Debug|Any CPU.Build.0 = Debug|Any CPU
		{F889312D-1171-4290-AC9B-582C778C66EB}.Release|Any CPU.ActiveCfg = Release|Any CPU
		{F889312D-1171-4290-AC9B-582C778C66EB}.Release|Any CPU.Build.0 = Release|Any CPU
	EndGlobalSection
	GlobalSection(SolutionProperties) = preSolution
		HideSolutionNode = FALSE
	EndGlobalSection
	GlobalSection(ExtensibilityGlobals) = postSolution
		SolutionGuid = {992A19A1-F8F7-48DA-948F-86E98AADC4A5}
	EndGlobalSection
EndGlobal
